
Microsoft Visual Studio Solution File, Format Version 12.00
# Visual Studio Version 16
VisualStudioVersion = 16.0.31624.102
MinimumVisualStudioVersion = 10.0.40219.1
Project("{FAE04EC0-301F-11D3-BF4B-00C04F79EFBC}") = "SICXEA1", "SICXEA1.csproj", "{B1D6BCE9-BC1F-4177-956A-82FBD698CAAC}"
EndProject
Global
	GlobalSection(SolutionConfigurationPlatforms) = preSolution
		Debug|Any CPU = Debug|Any CPU
		Release|Any CPU = Release|Any CPU
	EndGlobalSection
	GlobalSection(ProjectConfigurationPlatforms) = postSolution
		{B1D6BCE9-BC1F-4177-956A-82FBD698CAAC}.Debug|Any CPU.ActiveCfg = Debug|Any CPU
		{B1D6BCE9-BC1F-4177-956A-82FBD698CAAC}.Debug|Any CPU.Build.0 = Debug|Any CPU
		{B1D6BCE9-BC1F-4177-956A-82FBD698CAAC}.Release|Any CPU.ActiveCfg = Release|Any CPU
		{B1D6BCE9-BC1F-4177-956A-82FBD698CAAC}.Release|Any CPU.Build.0 = Release|Any CPU
	EndGlobalSection
	GlobalSection(SolutionProperties) = preSolution
		HideSolutionNode = FALSE
	EndGlobalSection
	GlobalSection(ExtensibilityGlobals) = postSolution
		SolutionGuid = {C8189112-001A-4D7C-BFDF-333F70B86AA8}
	EndGlobalSection
EndGlobal
